
Microsoft Visual Studio Solution File, Format Version 12.00
# Visual Studio Version 17
VisualStudioVersion = 17.11.35312.102
MinimumVisualStudioVersion = 10.0.40219.1
Project("{2150E333-8FDC-42A3-9474-1A3956D46DE8}") = "src", "src", "{79600545-4CC8-48D3-9A20-E980E43B7BE6}"
EndProject
Project("{9A19103F-16F7-4668-BE54-9A1E7A4F7556}") = "Vendas.WebApi", "Vendas.WebApi\Vendas.WebApi.csproj", "{FC0908DF-B3D0-4554-A85A-2176499FA8A3}"
EndProject
Project("{9A19103F-16F7-4668-BE54-9A1E7A4F7556}") = "Vendas.Domain", "Vendas.Domain\Vendas.Domain.csproj", "{64EE977C-DEA8-4412-ADDC-41B6C9634696}"
EndProject
Project("{9A19103F-16F7-4668-BE54-9A1E7A4F7556}") = "Vendas.Data", "Vendas.Data\Vendas.Data.csproj", "{1BB3481D-56B7-4B54-944A-2CF62A13D038}"
EndProject
Project("{2150E333-8FDC-42A3-9474-1A3956D46DE8}") = "tests", "tests", "{E5897BFD-DF5D-495C-8647-7807BD2F8BE0}"
EndProject
Project("{FAE04EC0-301F-11D3-BF4B-00C04F79EFBC}") = "Vendas.Tests", "Vendas.Tests\Vendas.Tests.csproj", "{3B80B54C-6F8C-4A01-BF3C-636B15079F52}"
EndProject
Global
	GlobalSection(SolutionConfigurationPlatforms) = preSolution
		Debug|Any CPU = Debug|Any CPU
		Release|Any CPU = Release|Any CPU
	EndGlobalSection
	GlobalSection(ProjectConfigurationPlatforms) = postSolution
		{FC0908DF-B3D0-4554-A85A-2176499FA8A3}.Debug|Any CPU.ActiveCfg = Debug|Any CPU
		{FC0908DF-B3D0-4554-A85A-2176499FA8A3}.Debug|Any CPU.Build.0 = Debug|Any CPU
		{FC0908DF-B3D0-4554-A85A-2176499FA8A3}.Release|Any CPU.ActiveCfg = Release|Any CPU
		{FC0908DF-B3D0-4554-A85A-2176499FA8A3}.Release|Any CPU.Build.0 = Release|Any CPU
		{64EE977C-DEA8-4412-ADDC-41B6C9634696}.Debug|Any CPU.ActiveCfg = Debug|Any CPU
		{64EE977C-DEA8-4412-ADDC-41B6C9634696}.Debug|Any CPU.Build.0 = Debug|Any CPU
		{64EE977C-DEA8-4412-ADDC-41B6C9634696}.Release|Any CPU.ActiveCfg = Release|Any CPU
		{64EE977C-DEA8-4412-ADDC-41B6C9634696}.Release|Any CPU.Build.0 = Release|Any CPU
		{1BB3481D-56B7-4B54-944A-2CF62A13D038}.Debug|Any CPU.ActiveCfg = Debug|Any CPU
		{1BB3481D-56B7-4B54-944A-2CF62A13D038}.Debug|Any CPU.Build.0 = Debug|Any CPU
		{1BB3481D-56B7-4B54-944A-2CF62A13D038}.Release|Any CPU.ActiveCfg = Release|Any CPU
		{1BB3481D-56B7-4B54-944A-2CF62A13D038}.Release|Any CPU.Build.0 = Release|Any CPU
		{3B80B54C-6F8C-4A01-BF3C-636B15079F52}.Debug|Any CPU.ActiveCfg = Debug|Any CPU
		{3B80B54C-6F8C-4A01-BF3C-636B15079F52}.Debug|Any CPU.Build.0 = Debug|Any CPU
		{3B80B54C-6F8C-4A01-BF3C-636B15079F52}.Release|Any CPU.ActiveCfg = Release|Any CPU
		{3B80B54C-6F8C-4A01-BF3C-636B15079F52}.Release|Any CPU.Build.0 = Release|Any CPU
	EndGlobalSection
	GlobalSection(SolutionProperties) = preSolution
		HideSolutionNode = FALSE
	EndGlobalSection
	GlobalSection(NestedProjects) = preSolution
		{FC0908DF-B3D0-4554-A85A-2176499FA8A3} = {79600545-4CC8-48D3-9A20-E980E43B7BE6}
		{64EE977C-DEA8-4412-ADDC-41B6C9634696} = {79600545-4CC8-48D3-9A20-E980E43B7BE6}
		{1BB3481D-56B7-4B54-944A-2CF62A13D038} = {79600545-4CC8-48D3-9A20-E980E43B7BE6}
		{3B80B54C-6F8C-4A01-BF3C-636B15079F52} = {E5897BFD-DF5D-495C-8647-7807BD2F8BE0}
	EndGlobalSection
	GlobalSection(ExtensibilityGlobals) = postSolution
		SolutionGuid = {5B4D9D97-B103-4F69-BE36-F09729D60FF5}
	EndGlobalSection
EndGlobal
